// !$*UTF8*$!
{
	archiveVersion = 1;
	classes = {
	};
	objectVersion = 48;
	objects = {

/* Begin PBXBuildFile section */
		1E686ADD1FCF005900E01496 /* AppDelegate.m in Sources */ = {isa = PBXBuildFile; fileRef = 1E686ADC1FCF005900E01496 /* AppDelegate.m */; };
		1E686AE01FCF005900E01496 /* FirstViewController.m in Sources */ = {isa = PBXBuildFile; fileRef = 1E686ADF1FCF005900E01496 /* FirstViewController.m */; };
		1E686AE31FCF005900E01496 /* SecondViewController.m in Sources */ = {isa = PBXBuildFile; fileRef = 1E686AE21FCF005900E01496 /* SecondViewController.m */; };
		1E686AE61FCF005900E01496 /* Main.storyboard in Resources */ = {isa = PBXBuildFile; fileRef = 1E686AE41FCF005900E01496 /* Main.storyboard */; };
		1E686AE81FCF005900E01496 /* Assets.xcassets in Resources */ = {isa = PBXBuildFile; fileRef = 1E686AE71FCF005900E01496 /* Assets.xcassets */; };
		1E686AEB1FCF005900E01496 /* LaunchScreen.storyboard in Resources */ = {isa = PBXBuildFile; fileRef = 1E686AE91FCF005900E01496 /* LaunchScreen.storyboard */; };
		1E686AEE1FCF005900E01496 /* main.m in Sources */ = {isa = PBXBuildFile; fileRef = 1E686AED1FCF005900E01496 /* main.m */; };
		1E686AF81FCF005900E01496 /* ironPitchTests.m in Sources */ = {isa = PBXBuildFile; fileRef = 1E686AF71FCF005900E01496 /* ironPitchTests.m */; };
		1E686B031FCF005900E01496 /* ironPitchUITests.m in Sources */ = {isa = PBXBuildFile; fileRef = 1E686B021FCF005900E01496 /* ironPitchUITests.m */; };
		1EE726481FCF0D7A001DC3C8 /* ISDataManager.m in Sources */ = {isa = PBXBuildFile; fileRef = 1EE726471FCF0D7A001DC3C8 /* ISDataManager.m */; };
		730ED6A946A24332D8522281 /* libPods-ironPitchTests.a in Frameworks */ = {isa = PBXBuildFile; fileRef = C36E3F6EFB72011B66CFDE14 /* libPods-ironPitchTests.a */; };
		AA41303075ACC8AEC7C52EED /* libPods-ironPitchUITests.a in Frameworks */ = {isa = PBXBuildFile; fileRef = 642B719191CE98951FB1B5AC /* libPods-ironPitchUITests.a */; };
		F641412E2466F04BE1E2CEA2 /* libPods-ironPitch.a in Frameworks */ = {isa = PBXBuildFile; fileRef = B459CC83F2AF142E1A86B710 /* libPods-ironPitch.a */; };
/* End PBXBuildFile section */

/* Begin PBXContainerItemProxy section */
		1E686AF41FCF005900E01496 /* PBXContainerItemProxy */ = {
			isa = PBXContainerItemProxy;
			containerPortal = 1E686AD01FCF005900E01496 /* Project object */;
			proxyType = 1;
			remoteGlobalIDString = 1E686AD71FCF005900E01496;
			remoteInfo = ironPitch;
		};
		1E686AFF1FCF005900E01496 /* PBXContainerItemProxy */ = {
			isa = PBXContainerItemProxy;
			containerPortal = 1E686AD01FCF005900E01496 /* Project object */;
			proxyType = 1;
			remoteGlobalIDString = 1E686AD71FCF005900E01496;
			remoteInfo = ironPitch;
		};
/* End PBXContainerItemProxy section */

/* Begin PBXFileReference section */
		1E686AD81FCF005900E01496 /* ironPitch.app */ = {isa = PBXFileReference; explicitFileType = wrapper.application; includeInIndex = 0; path = ironPitch.app; sourceTree = BUILT_PRODUCTS_DIR; };
		1E686ADB1FCF005900E01496 /* AppDelegate.h */ = {isa = PBXFileReference; lastKnownFileType = sourcecode.c.h; path = AppDelegate.h; sourceTree = "<group>"; };
		1E686ADC1FCF005900E01496 /* AppDelegate.m */ = {isa = PBXFileReference; lastKnownFileType = sourcecode.c.objc; path = AppDelegate.m; sourceTree = "<group>"; };
		1E686ADE1FCF005900E01496 /* FirstViewController.h */ = {isa = PBXFileReference; lastKnownFileType = sourcecode.c.h; path = FirstViewController.h; sourceTree = "<group>"; };
		1E686ADF1FCF005900E01496 /* FirstViewController.m */ = {isa = PBXFileReference; lastKnownFileType = sourcecode.c.objc; path = FirstViewController.m; sourceTree = "<group>"; };
		1E686AE11FCF005900E01496 /* SecondViewController.h */ = {isa = PBXFileReference; lastKnownFileType = sourcecode.c.h; path = SecondViewController.h; sourceTree = "<group>"; };
		1E686AE21FCF005900E01496 /* SecondViewController.m */ = {isa = PBXFileReference; lastKnownFileType = sourcecode.c.objc; path = SecondViewController.m; sourceTree = "<group>"; };
		1E686AE51FCF005900E01496 /* Base */ = {isa = PBXFileReference; lastKnownFileType = file.storyboard; name = Base; path = Base.lproj/Main.storyboard; sourceTree = "<group>"; };
		1E686AE71FCF005900E01496 /* Assets.xcassets */ = {isa = PBXFileReference; lastKnownFileType = folder.assetcatalog; path = Assets.xcassets; sourceTree = "<group>"; };
		1E686AEA1FCF005900E01496 /* Base */ = {isa = PBXFileReference; lastKnownFileType = file.storyboard; name = Base; path = Base.lproj/LaunchScreen.storyboard; sourceTree = "<group>"; };
		1E686AEC1FCF005900E01496 /* Info.plist */ = {isa = PBXFileReference; lastKnownFileType = text.plist.xml; path = Info.plist; sourceTree = "<group>"; };
		1E686AED1FCF005900E01496 /* main.m */ = {isa = PBXFileReference; lastKnownFileType = sourcecode.c.objc; path = main.m; sourceTree = "<group>"; };
		1E686AF31FCF005900E01496 /* ironPitchTests.xctest */ = {isa = PBXFileReference; explicitFileType = wrapper.cfbundle; includeInIndex = 0; path = ironPitchTests.xctest; sourceTree = BUILT_PRODUCTS_DIR; };
		1E686AF71FCF005900E01496 /* ironPitchTests.m */ = {isa = PBXFileReference; lastKnownFileType = sourcecode.c.objc; path = ironPitchTests.m; sourceTree = "<group>"; };
		1E686AF91FCF005900E01496 /* Info.plist */ = {isa = PBXFileReference; lastKnownFileType = text.plist.xml; path = Info.plist; sourceTree = "<group>"; };
		1E686AFE1FCF005900E01496 /* ironPitchUITests.xctest */ = {isa = PBXFileReference; explicitFileType = wrapper.cfbundle; includeInIndex = 0; path = ironPitchUITests.xctest; sourceTree = BUILT_PRODUCTS_DIR; };
		1E686B021FCF005900E01496 /* ironPitchUITests.m */ = {isa = PBXFileReference; lastKnownFileType = sourcecode.c.objc; path = ironPitchUITests.m; sourceTree = "<group>"; };
		1E686B041FCF005900E01496 /* Info.plist */ = {isa = PBXFileReference; lastKnownFileType = text.plist.xml; path = Info.plist; sourceTree = "<group>"; };
		1EE726461FCF0D7A001DC3C8 /* ISDataManager.h */ = {isa = PBXFileReference; lastKnownFileType = sourcecode.c.h; path = ISDataManager.h; sourceTree = "<group>"; };
		1EE726471FCF0D7A001DC3C8 /* ISDataManager.m */ = {isa = PBXFileReference; lastKnownFileType = sourcecode.c.objc; path = ISDataManager.m; sourceTree = "<group>"; };
		2F590D13F5BDDBF1F2B7C1F0 /* Pods-ironPitchUITests.debug.xcconfig */ = {isa = PBXFileReference; includeInIndex = 1; lastKnownFileType = text.xcconfig; name = "Pods-ironPitchUITests.debug.xcconfig"; path = "Pods/Target Support Files/Pods-ironPitchUITests/Pods-ironPitchUITests.debug.xcconfig"; sourceTree = "<group>"; };
		585D7BB6871575CB3FE04DAA /* Pods-ironPitch.debug.xcconfig */ = {isa = PBXFileReference; includeInIndex = 1; lastKnownFileType = text.xcconfig; name = "Pods-ironPitch.debug.xcconfig"; path = "Pods/Target Support Files/Pods-ironPitch/Pods-ironPitch.debug.xcconfig"; sourceTree = "<group>"; };
		642B719191CE98951FB1B5AC /* libPods-ironPitchUITests.a */ = {isa = PBXFileReference; explicitFileType = archive.ar; includeInIndex = 0; path = "libPods-ironPitchUITests.a"; sourceTree = BUILT_PRODUCTS_DIR; };
		7E4D885C6AB9A0C7257B61C3 /* Pods-ironPitch.release.xcconfig */ = {isa = PBXFileReference; includeInIndex = 1; lastKnownFileType = text.xcconfig; name = "Pods-ironPitch.release.xcconfig"; path = "Pods/Target Support Files/Pods-ironPitch/Pods-ironPitch.release.xcconfig"; sourceTree = "<group>"; };
		A2D5C0316CD1F03CEE4E30C5 /* Pods-ironPitchTests.debug.xcconfig */ = {isa = PBXFileReference; includeInIndex = 1; lastKnownFileType = text.xcconfig; name = "Pods-ironPitchTests.debug.xcconfig"; path = "Pods/Target Support Files/Pods-ironPitchTests/Pods-ironPitchTests.debug.xcconfig"; sourceTree = "<group>"; };
		B459CC83F2AF142E1A86B710 /* libPods-ironPitch.a */ = {isa = PBXFileReference; explicitFileType = archive.ar; includeInIndex = 0; path = "libPods-ironPitch.a"; sourceTree = BUILT_PRODUCTS_DIR; };
		B78F36C3E6E87EF797E98701 /* Pods-ironPitchUITests.release.xcconfig */ = {isa = PBXFileReference; includeInIndex = 1; lastKnownFileType = text.xcconfig; name = "Pods-ironPitchUITests.release.xcconfig"; path = "Pods/Target Support Files/Pods-ironPitchUITests/Pods-ironPitchUITests.release.xcconfig"; sourceTree = "<group>"; };
		C36E3F6EFB72011B66CFDE14 /* libPods-ironPitchTests.a */ = {isa = PBXFileReference; explicitFileType = archive.ar; includeInIndex = 0; path = "libPods-ironPitchTests.a"; sourceTree = BUILT_PRODUCTS_DIR; };
		C7621EF7B309032CB0D09259 /* Pods-ironPitchTests.release.xcconfig */ = {isa = PBXFileReference; includeInIndex = 1; lastKnownFileType = text.xcconfig; name = "Pods-ironPitchTests.release.xcconfig"; path = "Pods/Target Support Files/Pods-ironPitchTests/Pods-ironPitchTests.release.xcconfig"; sourceTree = "<group>"; };
/* End PBXFileReference section */

/* Begin PBXFrameworksBuildPhase section */
		1E686AD51FCF005900E01496 /* Frameworks */ = {
			isa = PBXFrameworksBuildPhase;
			buildActionMask = 2147483647;
			files = (
				F641412E2466F04BE1E2CEA2 /* libPods-ironPitch.a in Frameworks */,
			);
			runOnlyForDeploymentPostprocessing = 0;
		};
		1E686AF01FCF005900E01496 /* Frameworks */ = {
			isa = PBXFrameworksBuildPhase;
			buildActionMask = 2147483647;
			files = (
				730ED6A946A24332D8522281 /* libPods-ironPitchTests.a in Frameworks */,
			);
			runOnlyForDeploymentPostprocessing = 0;
		};
		1E686AFB1FCF005900E01496 /* Frameworks */ = {
			isa = PBXFrameworksBuildPhase;
			buildActionMask = 2147483647;
			files = (
				AA41303075ACC8AEC7C52EED /* libPods-ironPitchUITests.a in Frameworks */,
			);
			runOnlyForDeploymentPostprocessing = 0;
		};
/* End PBXFrameworksBuildPhase section */

/* Begin PBXGroup section */
		1984F26A36C5057829C7D74F /* Pods */ = {
			isa = PBXGroup;
			children = (
				585D7BB6871575CB3FE04DAA /* Pods-ironPitch.debug.xcconfig */,
				7E4D885C6AB9A0C7257B61C3 /* Pods-ironPitch.release.xcconfig */,
				A2D5C0316CD1F03CEE4E30C5 /* Pods-ironPitchTests.debug.xcconfig */,
				C7621EF7B309032CB0D09259 /* Pods-ironPitchTests.release.xcconfig */,
				2F590D13F5BDDBF1F2B7C1F0 /* Pods-ironPitchUITests.debug.xcconfig */,
				B78F36C3E6E87EF797E98701 /* Pods-ironPitchUITests.release.xcconfig */,
			);
			name = Pods;
			sourceTree = "<group>";
		};
		1E686ACF1FCF005900E01496 = {
			isa = PBXGroup;
			children = (
				1E686ADA1FCF005900E01496 /* ironPitch */,
				1E686AF61FCF005900E01496 /* ironPitchTests */,
				1E686B011FCF005900E01496 /* ironPitchUITests */,
				1E686AD91FCF005900E01496 /* Products */,
				1984F26A36C5057829C7D74F /* Pods */,
				7BFF5E6EB47C7D94DB033E68 /* Frameworks */,
			);
			sourceTree = "<group>";
		};
		1E686AD91FCF005900E01496 /* Products */ = {
			isa = PBXGroup;
			children = (
				1E686AD81FCF005900E01496 /* ironPitch.app */,
				1E686AF31FCF005900E01496 /* ironPitchTests.xctest */,
				1E686AFE1FCF005900E01496 /* ironPitchUITests.xctest */,
			);
			name = Products;
			sourceTree = "<group>";
		};
		1E686ADA1FCF005900E01496 /* ironPitch */ = {
			isa = PBXGroup;
			children = (
				1EE726451FCF0D57001DC3C8 /* Model */,
				1E686ADB1FCF005900E01496 /* AppDelegate.h */,
				1E686ADC1FCF005900E01496 /* AppDelegate.m */,
				1E686ADE1FCF005900E01496 /* FirstViewController.h */,
				1E686ADF1FCF005900E01496 /* FirstViewController.m */,
				1E686AE11FCF005900E01496 /* SecondViewController.h */,
				1E686AE21FCF005900E01496 /* SecondViewController.m */,
				1E686AE41FCF005900E01496 /* Main.storyboard */,
				1E686AE71FCF005900E01496 /* Assets.xcassets */,
				1E686AE91FCF005900E01496 /* LaunchScreen.storyboard */,
				1E686AEC1FCF005900E01496 /* Info.plist */,
				1E686AED1FCF005900E01496 /* main.m */,
			);
			path = ironPitch;
			sourceTree = "<group>";
		};
		1E686AF61FCF005900E01496 /* ironPitchTests */ = {
			isa = PBXGroup;
			children = (
				1E686AF71FCF005900E01496 /* ironPitchTests.m */,
				1E686AF91FCF005900E01496 /* Info.plist */,
			);
			path = ironPitchTests;
			sourceTree = "<group>";
		};
		1E686B011FCF005900E01496 /* ironPitchUITests */ = {
			isa = PBXGroup;
			children = (
				1E686B021FCF005900E01496 /* ironPitchUITests.m */,
				1E686B041FCF005900E01496 /* Info.plist */,
			);
			path = ironPitchUITests;
			sourceTree = "<group>";
		};
		1EE726451FCF0D57001DC3C8 /* Model */ = {
			isa = PBXGroup;
			children = (
				1EE726461FCF0D7A001DC3C8 /* ISDataManager.h */,
				1EE726471FCF0D7A001DC3C8 /* ISDataManager.m */,
			);
			path = Model;
			sourceTree = "<group>";
		};
		7BFF5E6EB47C7D94DB033E68 /* Frameworks */ = {
			isa = PBXGroup;
			children = (
				B459CC83F2AF142E1A86B710 /* libPods-ironPitch.a */,
				C36E3F6EFB72011B66CFDE14 /* libPods-ironPitchTests.a */,
				642B719191CE98951FB1B5AC /* libPods-ironPitchUITests.a */,
			);
			name = Frameworks;
			sourceTree = "<group>";
		};
/* End PBXGroup section */

/* Begin PBXNativeTarget section */
		1E686AD71FCF005900E01496 /* ironPitch */ = {
			isa = PBXNativeTarget;
			buildConfigurationList = 1E686B071FCF005900E01496 /* Build configuration list for PBXNativeTarget "ironPitch" */;
			buildPhases = (
				E7C102A4FCEAB8F829B60D64 /* [CP] Check Pods Manifest.lock */,
				1E686AD41FCF005900E01496 /* Sources */,
				1E686AD51FCF005900E01496 /* Frameworks */,
				1E686AD61FCF005900E01496 /* Resources */,
				26FB08C3A6E7BDDD63F2122B /* [CP] Embed Pods Frameworks */,
				E87BA22F5A4A08E99EF359D3 /* [CP] Copy Pods Resources */,
			);
			buildRules = (
			);
			dependencies = (
			);
			name = ironPitch;
			productName = ironPitch;
			productReference = 1E686AD81FCF005900E01496 /* ironPitch.app */;
			productType = "com.apple.product-type.application";
		};
		1E686AF21FCF005900E01496 /* ironPitchTests */ = {
			isa = PBXNativeTarget;
			buildConfigurationList = 1E686B0A1FCF005900E01496 /* Build configuration list for PBXNativeTarget "ironPitchTests" */;
			buildPhases = (
				5C18678815514AB9FF4CEA6F /* [CP] Check Pods Manifest.lock */,
				1E686AEF1FCF005900E01496 /* Sources */,
				1E686AF01FCF005900E01496 /* Frameworks */,
				1E686AF11FCF005900E01496 /* Resources */,
				509153033556BEF1D63492BF /* [CP] Embed Pods Frameworks */,
				A21CAC861EF932A4ECCB44FE /* [CP] Copy Pods Resources */,
			);
			buildRules = (
			);
			dependencies = (
				1E686AF51FCF005900E01496 /* PBXTargetDependency */,
			);
			name = ironPitchTests;
			productName = ironPitchTests;
			productReference = 1E686AF31FCF005900E01496 /* ironPitchTests.xctest */;
			productType = "com.apple.product-type.bundle.unit-test";
		};
		1E686AFD1FCF005900E01496 /* ironPitchUITests */ = {
			isa = PBXNativeTarget;
			buildConfigurationList = 1E686B0D1FCF005900E01496 /* Build configuration list for PBXNativeTarget "ironPitchUITests" */;
			buildPhases = (
				DEA589BC98BA88B5782AB3D4 /* [CP] Check Pods Manifest.lock */,
				1E686AFA1FCF005900E01496 /* Sources */,
				1E686AFB1FCF005900E01496 /* Frameworks */,
				1E686AFC1FCF005900E01496 /* Resources */,
				A73EA58F618C0E4264508E20 /* [CP] Embed Pods Frameworks */,
				3BA9C81528E06D556AF412E2 /* [CP] Copy Pods Resources */,
			);
			buildRules = (
			);
			dependencies = (
				1E686B001FCF005900E01496 /* PBXTargetDependency */,
			);
			name = ironPitchUITests;
			productName = ironPitchUITests;
			productReference = 1E686AFE1FCF005900E01496 /* ironPitchUITests.xctest */;
			productType = "com.apple.product-type.bundle.ui-testing";
		};
/* End PBXNativeTarget section */

/* Begin PBXProject section */
		1E686AD01FCF005900E01496 /* Project object */ = {
			isa = PBXProject;
			attributes = {
				LastUpgradeCheck = 0910;
				ORGANIZATIONNAME = "Itai Asaf";
				TargetAttributes = {
					1E686AD71FCF005900E01496 = {
						CreatedOnToolsVersion = 9.1;
						ProvisioningStyle = Automatic;
					};
					1E686AF21FCF005900E01496 = {
						CreatedOnToolsVersion = 9.1;
						ProvisioningStyle = Automatic;
						TestTargetID = 1E686AD71FCF005900E01496;
					};
					1E686AFD1FCF005900E01496 = {
						CreatedOnToolsVersion = 9.1;
						ProvisioningStyle = Automatic;
						TestTargetID = 1E686AD71FCF005900E01496;
					};
				};
			};
			buildConfigurationList = 1E686AD31FCF005900E01496 /* Build configuration list for PBXProject "ironPitch" */;
			compatibilityVersion = "Xcode 8.0";
			developmentRegion = en;
			hasScannedForEncodings = 0;
			knownRegions = (
				en,
				Base,
			);
			mainGroup = 1E686ACF1FCF005900E01496;
			productRefGroup = 1E686AD91FCF005900E01496 /* Products */;
			projectDirPath = "";
			projectRoot = "";
			targets = (
				1E686AD71FCF005900E01496 /* ironPitch */,
				1E686AF21FCF005900E01496 /* ironPitchTests */,
				1E686AFD1FCF005900E01496 /* ironPitchUITests */,
			);
		};
/* End PBXProject section */

/* Begin PBXResourcesBuildPhase section */
		1E686AD61FCF005900E01496 /* Resources */ = {
			isa = PBXResourcesBuildPhase;
			buildActionMask = 2147483647;
			files = (
				1E686AEB1FCF005900E01496 /* LaunchScreen.storyboard in Resources */,
				1E686AE81FCF005900E01496 /* Assets.xcassets in Resources */,
				1E686AE61FCF005900E01496 /* Main.storyboard in Resources */,
			);
			runOnlyForDeploymentPostprocessing = 0;
		};
		1E686AF11FCF005900E01496 /* Resources */ = {
			isa = PBXResourcesBuildPhase;
			buildActionMask = 2147483647;
			files = (
			);
			runOnlyForDeploymentPostprocessing = 0;
		};
		1E686AFC1FCF005900E01496 /* Resources */ = {
			isa = PBXResourcesBuildPhase;
			buildActionMask = 2147483647;
			files = (
			);
			runOnlyForDeploymentPostprocessing = 0;
		};
/* End PBXResourcesBuildPhase section */

/* Begin PBXShellScriptBuildPhase section */
		26FB08C3A6E7BDDD63F2122B /* [CP] Embed Pods Frameworks */ = {
			isa = PBXShellScriptBuildPhase;
			buildActionMask = 2147483647;
			files = (
			);
			inputPaths = (
			);
			name = "[CP] Embed Pods Frameworks";
			outputPaths = (
			);
			runOnlyForDeploymentPostprocessing = 0;
			shellPath = /bin/sh;
			shellScript = "\"${SRCROOT}/Pods/Target Support Files/Pods-ironPitch/Pods-ironPitch-frameworks.sh\"\n";
			showEnvVarsInLog = 0;
		};
		3BA9C81528E06D556AF412E2 /* [CP] Copy Pods Resources */ = {
			isa = PBXShellScriptBuildPhase;
			buildActionMask = 2147483647;
			files = (
			);
			inputPaths = (
			);
			name = "[CP] Copy Pods Resources";
			outputPaths = (
			);
			runOnlyForDeploymentPostprocessing = 0;
			shellPath = /bin/sh;
			shellScript = "\"${SRCROOT}/Pods/Target Support Files/Pods-ironPitchUITests/Pods-ironPitchUITests-resources.sh\"\n";
			showEnvVarsInLog = 0;
		};
		509153033556BEF1D63492BF /* [CP] Embed Pods Frameworks */ = {
			isa = PBXShellScriptBuildPhase;
			buildActionMask = 2147483647;
			files = (
			);
			inputPaths = (
			);
			name = "[CP] Embed Pods Frameworks";
			outputPaths = (
			);
			runOnlyForDeploymentPostprocessing = 0;
			shellPath = /bin/sh;
			shellScript = "\"${SRCROOT}/Pods/Target Support Files/Pods-ironPitchTests/Pods-ironPitchTests-frameworks.sh\"\n";
			showEnvVarsInLog = 0;
		};
		5C18678815514AB9FF4CEA6F /* [CP] Check Pods Manifest.lock */ = {
			isa = PBXShellScriptBuildPhase;
			buildActionMask = 2147483647;
			files = (
			);
			inputPaths = (
				"${PODS_PODFILE_DIR_PATH}/Podfile.lock",
				"${PODS_ROOT}/Manifest.lock",
			);
			name = "[CP] Check Pods Manifest.lock";
			outputPaths = (
				"$(DERIVED_FILE_DIR)/Pods-ironPitchTests-checkManifestLockResult.txt",
			);
			runOnlyForDeploymentPostprocessing = 0;
			shellPath = /bin/sh;
			shellScript = "diff \"${PODS_PODFILE_DIR_PATH}/Podfile.lock\" \"${PODS_ROOT}/Manifest.lock\" > /dev/null\nif [ $? != 0 ] ; then\n    # print error to STDERR\n    echo \"error: The sandbox is not in sync with the Podfile.lock. Run 'pod install' or update your CocoaPods installation.\" >&2\n    exit 1\nfi\n# This output is used by Xcode 'outputs' to avoid re-running this script phase.\necho \"SUCCESS\" > \"${SCRIPT_OUTPUT_FILE_0}\"\n";
			showEnvVarsInLog = 0;
		};
		A21CAC861EF932A4ECCB44FE /* [CP] Copy Pods Resources */ = {
			isa = PBXShellScriptBuildPhase;
			buildActionMask = 2147483647;
			files = (
			);
			inputPaths = (
			);
			name = "[CP] Copy Pods Resources";
			outputPaths = (
			);
			runOnlyForDeploymentPostprocessing = 0;
			shellPath = /bin/sh;
			shellScript = "\"${SRCROOT}/Pods/Target Support Files/Pods-ironPitchTests/Pods-ironPitchTests-resources.sh\"\n";
			showEnvVarsInLog = 0;
		};
		A73EA58F618C0E4264508E20 /* [CP] Embed Pods Frameworks */ = {
			isa = PBXShellScriptBuildPhase;
			buildActionMask = 2147483647;
			files = (
			);
			inputPaths = (
			);
			name = "[CP] Embed Pods Frameworks";
			outputPaths = (
			);
			runOnlyForDeploymentPostprocessing = 0;
			shellPath = /bin/sh;
			shellScript = "\"${SRCROOT}/Pods/Target Support Files/Pods-ironPitchUITests/Pods-ironPitchUITests-frameworks.sh\"\n";
			showEnvVarsInLog = 0;
		};
		DEA589BC98BA88B5782AB3D4 /* [CP] Check Pods Manifest.lock */ = {
			isa = PBXShellScriptBuildPhase;
			buildActionMask = 2147483647;
			files = (
			);
			inputPaths = (
				"${PODS_PODFILE_DIR_PATH}/Podfile.lock",
				"${PODS_ROOT}/Manifest.lock",
			);
			name = "[CP] Check Pods Manifest.lock";
			outputPaths = (
				"$(DERIVED_FILE_DIR)/Pods-ironPitchUITests-checkManifestLockResult.txt",
			);
			runOnlyForDeploymentPostprocessing = 0;
			shellPath = /bin/sh;
			shellScript = "diff \"${PODS_PODFILE_DIR_PATH}/Podfile.lock\" \"${PODS_ROOT}/Manifest.lock\" > /dev/null\nif [ $? != 0 ] ; then\n    # print error to STDERR\n    echo \"error: The sandbox is not in sync with the Podfile.lock. Run 'pod install' or update your CocoaPods installation.\" >&2\n    exit 1\nfi\n# This output is used by Xcode 'outputs' to avoid re-running this script phase.\necho \"SUCCESS\" > \"${SCRIPT_OUTPUT_FILE_0}\"\n";
			showEnvVarsInLog = 0;
		};
		E7C102A4FCEAB8F829B60D64 /* [CP] Check Pods Manifest.lock */ = {
			isa = PBXShellScriptBuildPhase;
			buildActionMask = 2147483647;
			files = (
			);
			inputPaths = (
				"${PODS_PODFILE_DIR_PATH}/Podfile.lock",
				"${PODS_ROOT}/Manifest.lock",
			);
			name = "[CP] Check Pods Manifest.lock";
			outputPaths = (
				"$(DERIVED_FILE_DIR)/Pods-ironPitch-checkManifestLockResult.txt",
			);
			runOnlyForDeploymentPostprocessing = 0;
			shellPath = /bin/sh;
			shellScript = "diff \"${PODS_PODFILE_DIR_PATH}/Podfile.lock\" \"${PODS_ROOT}/Manifest.lock\" > /dev/null\nif [ $? != 0 ] ; then\n    # print error to STDERR\n    echo \"error: The sandbox is not in sync with the Podfile.lock. Run 'pod install' or update your CocoaPods installation.\" >&2\n    exit 1\nfi\n# This output is used by Xcode 'outputs' to avoid re-running this script phase.\necho \"SUCCESS\" > \"${SCRIPT_OUTPUT_FILE_0}\"\n";
			showEnvVarsInLog = 0;
		};
		E87BA22F5A4A08E99EF359D3 /* [CP] Copy Pods Resources */ = {
			isa = PBXShellScriptBuildPhase;
			buildActionMask = 2147483647;
			files = (
			);
			inputPaths = (
			);
			name = "[CP] Copy Pods Resources";
			outputPaths = (
			);
			runOnlyForDeploymentPostprocessing = 0;
			shellPath = /bin/sh;
			shellScript = "\"${SRCROOT}/Pods/Target Support Files/Pods-ironPitch/Pods-ironPitch-resources.sh\"\n";
			showEnvVarsInLog = 0;
		};
/* End PBXShellScriptBuildPhase section */

/* Begin PBXSourcesBuildPhase section */
		1E686AD41FCF005900E01496 /* Sources */ = {
			isa = PBXSourcesBuildPhase;
			buildActionMask = 2147483647;
			files = (
				1E686AE31FCF005900E01496 /* SecondViewController.m in Sources */,
				1E686ADD1FCF005900E01496 /* AppDelegate.m in Sources */,
				1E686AEE1FCF005900E01496 /* main.m in Sources */,
				1E686AE01FCF005900E01496 /* FirstViewController.m in Sources */,
				1EE726481FCF0D7A001DC3C8 /* ISDataManager.m in Sources */,
			);
			runOnlyForDeploymentPostprocessing = 0;
		};
		1E686AEF1FCF005900E01496 /* Sources */ = {
			isa = PBXSourcesBuildPhase;
			buildActionMask = 2147483647;
			files = (
				1E686AF81FCF005900E01496 /* ironPitchTests.m in Sources */,
			);
			runOnlyForDeploymentPostprocessing = 0;
		};
		1E686AFA1FCF005900E01496 /* Sources */ = {
			isa = PBXSourcesBuildPhase;
			buildActionMask = 2147483647;
			files = (
				1E686B031FCF005900E01496 /* ironPitchUITests.m in Sources */,
			);
			runOnlyForDeploymentPostprocessing = 0;
		};
/* End PBXSourcesBuildPhase section */

/* Begin PBXTargetDependency section */
		1E686AF51FCF005900E01496 /* PBXTargetDependency */ = {
			isa = PBXTargetDependency;
			target = 1E686AD71FCF005900E01496 /* ironPitch */;
			targetProxy = 1E686AF41FCF005900E01496 /* PBXContainerItemProxy */;
		};
		1E686B001FCF005900E01496 /* PBXTargetDependency */ = {
			isa = PBXTargetDependency;
			target = 1E686AD71FCF005900E01496 /* ironPitch */;
			targetProxy = 1E686AFF1FCF005900E01496 /* PBXContainerItemProxy */;
		};
/* End PBXTargetDependency section */

/* Begin PBXVariantGroup section */
		1E686AE41FCF005900E01496 /* Main.storyboard */ = {
			isa = PBXVariantGroup;
			children = (
				1E686AE51FCF005900E01496 /* Base */,
			);
			name = Main.storyboard;
			sourceTree = "<group>";
		};
		1E686AE91FCF005900E01496 /* LaunchScreen.storyboard */ = {
			isa = PBXVariantGroup;
			children = (
				1E686AEA1FCF005900E01496 /* Base */,
			);
			name = LaunchScreen.storyboard;
			sourceTree = "<group>";
		};
/* End PBXVariantGroup section */

/* Begin XCBuildConfiguration section */
		1E686B051FCF005900E01496 /* Debug */ = {
			isa = XCBuildConfiguration;
			buildSettings = {
				ALWAYS_SEARCH_USER_PATHS = NO;
				CLANG_ANALYZER_NONNULL = YES;
				CLANG_ANALYZER_NUMBER_OBJECT_CONVERSION = YES_AGGRESSIVE;
				CLANG_CXX_LANGUAGE_STANDARD = "gnu++14";
				CLANG_CXX_LIBRARY = "libc++";
				CLANG_ENABLE_MODULES = YES;
				CLANG_ENABLE_OBJC_ARC = YES;
				CLANG_WARN_BLOCK_CAPTURE_AUTORELEASING = YES;
				CLANG_WARN_BOOL_CONVERSION = YES;
				CLANG_WARN_COMMA = YES;
				CLANG_WARN_CONSTANT_CONVERSION = YES;
				CLANG_WARN_DIRECT_OBJC_ISA_USAGE = YES_ERROR;
				CLANG_WARN_DOCUMENTATION_COMMENTS = YES;
				CLANG_WARN_EMPTY_BODY = YES;
				CLANG_WARN_ENUM_CONVERSION = YES;
				CLANG_WARN_INFINITE_RECURSION = YES;
				CLANG_WARN_INT_CONVERSION = YES;
				CLANG_WARN_NON_LITERAL_NULL_CONVERSION = YES;
				CLANG_WARN_OBJC_LITERAL_CONVERSION = YES;
				CLANG_WARN_OBJC_ROOT_CLASS = YES_ERROR;
				CLANG_WARN_RANGE_LOOP_ANALYSIS = YES;
				CLANG_WARN_STRICT_PROTOTYPES = YES;
				CLANG_WARN_SUSPICIOUS_MOVE = YES;
				CLANG_WARN_UNGUARDED_AVAILABILITY = YES_AGGRESSIVE;
				CLANG_WARN_UNREACHABLE_CODE = YES;
				CLANG_WARN__DUPLICATE_METHOD_MATCH = YES;
				CODE_SIGN_IDENTITY = "iPhone Developer";
				COPY_PHASE_STRIP = NO;
				DEBUG_INFORMATION_FORMAT = dwarf;
				ENABLE_STRICT_OBJC_MSGSEND = YES;
				ENABLE_TESTABILITY = YES;
				GCC_C_LANGUAGE_STANDARD = gnu11;
				GCC_DYNAMIC_NO_PIC = NO;
				GCC_NO_COMMON_BLOCKS = YES;
				GCC_OPTIMIZATION_LEVEL = 0;
				GCC_PREPROCESSOR_DEFINITIONS = (
					"DEBUG=1",
					"$(inherited)",
				);
				GCC_WARN_64_TO_32_BIT_CONVERSION = YES;
				GCC_WARN_ABOUT_RETURN_TYPE = YES_ERROR;
				GCC_WARN_UNDECLARED_SELECTOR = YES;
				GCC_WARN_UNINITIALIZED_AUTOS = YES_AGGRESSIVE;
				GCC_WARN_UNUSED_FUNCTION = YES;
				GCC_WARN_UNUSED_VARIABLE = YES;
				IPHONEOS_DEPLOYMENT_TARGET = 11.1;
				MTL_ENABLE_DEBUG_INFO = YES;
				ONLY_ACTIVE_ARCH = YES;
				SDKROOT = iphoneos;
			};
			name = Debug;
		};
		1E686B061FCF005900E01496 /* Release */ = {
			isa = XCBuildConfiguration;
			buildSettings = {
				ALWAYS_SEARCH_USER_PATHS = NO;
				CLANG_ANALYZER_NONNULL = YES;
				CLANG_ANALYZER_NUMBER_OBJECT_CONVERSION = YES_AGGRESSIVE;
				CLANG_CXX_LANGUAGE_STANDARD = "gnu++14";
				CLANG_CXX_LIBRARY = "libc++";
				CLANG_ENABLE_MODULES = YES;
				CLANG_ENABLE_OBJC_ARC = YES;
				CLANG_WARN_BLOCK_CAPTURE_AUTORELEASING = YES;
				CLANG_WARN_BOOL_CONVERSION = YES;
				CLANG_WARN_COMMA = YES;
				CLANG_WARN_CONSTANT_CONVERSION = YES;
				CLANG_WARN_DIRECT_OBJC_ISA_USAGE = YES_ERROR;
				CLANG_WARN_DOCUMENTATION_COMMENTS = YES;
				CLANG_WARN_EMPTY_BODY = YES;
				CLANG_WARN_ENUM_CONVERSION = YES;
				CLANG_WARN_INFINITE_RECURSION = YES;
				CLANG_WARN_INT_CONVERSION = YES;
				CLANG_WARN_NON_LITERAL_NULL_CONVERSION = YES;
				CLANG_WARN_OBJC_LITERAL_CONVERSION = YES;
				CLANG_WARN_OBJC_ROOT_CLASS = YES_ERROR;
				CLANG_WARN_RANGE_LOOP_ANALYSIS = YES;
				CLANG_WARN_STRICT_PROTOTYPES = YES;
				CLANG_WARN_SUSPICIOUS_MOVE = YES;
				CLANG_WARN_UNGUARDED_AVAILABILITY = YES_AGGRESSIVE;
				CLANG_WARN_UNREACHABLE_CODE = YES;
				CLANG_WARN__DUPLICATE_METHOD_MATCH = YES;
				CODE_SIGN_IDENTITY = "iPhone Developer";
				COPY_PHASE_STRIP = NO;
				DEBUG_INFORMATION_FORMAT = "dwarf-with-dsym";
				ENABLE_NS_ASSERTIONS = NO;
				ENABLE_STRICT_OBJC_MSGSEND = YES;
				GCC_C_LANGUAGE_STANDARD = gnu11;
				GCC_NO_COMMON_BLOCKS = YES;
				GCC_WARN_64_TO_32_BIT_CONVERSION = YES;
				GCC_WARN_ABOUT_RETURN_TYPE = YES_ERROR;
				GCC_WARN_UNDECLARED_SELECTOR = YES;
				GCC_WARN_UNINITIALIZED_AUTOS = YES_AGGRESSIVE;
				GCC_WARN_UNUSED_FUNCTION = YES;
				GCC_WARN_UNUSED_VARIABLE = YES;
				IPHONEOS_DEPLOYMENT_TARGET = 11.1;
				MTL_ENABLE_DEBUG_INFO = NO;
				SDKROOT = iphoneos;
				VALIDATE_PRODUCT = YES;
			};
			name = Release;
		};
		1E686B081FCF005900E01496 /* Debug */ = {
			isa = XCBuildConfiguration;
			baseConfigurationReference = 585D7BB6871575CB3FE04DAA /* Pods-ironPitch.debug.xcconfig */;
			buildSettings = {
				ASSETCATALOG_COMPILER_APPICON_NAME = AppIcon;
				CODE_SIGN_STYLE = Automatic;
				DEVELOPMENT_TEAM = NLKYWCU5C3;
				INFOPLIST_FILE = ironPitch/Info.plist;
				LD_RUNPATH_SEARCH_PATHS = "$(inherited) @executable_path/Frameworks";
				PRODUCT_BUNDLE_IDENTIFIER = com.ironsrc.ironPitchApp.ironPitch;
				PRODUCT_NAME = "$(TARGET_NAME)";
				TARGETED_DEVICE_FAMILY = "1,2";
			};
			name = Debug;
		};
		1E686B091FCF005900E01496 /* Release */ = {
			isa = XCBuildConfiguration;
			baseConfigurationReference = 7E4D885C6AB9A0C7257B61C3 /* Pods-ironPitch.release.xcconfig */;
			buildSettings = {
				ASSETCATALOG_COMPILER_APPICON_NAME = AppIcon;
				CODE_SIGN_STYLE = Automatic;
				DEVELOPMENT_TEAM = NLKYWCU5C3;
				INFOPLIST_FILE = ironPitch/Info.plist;
				LD_RUNPATH_SEARCH_PATHS = "$(inherited) @executable_path/Frameworks";
				PRODUCT_BUNDLE_IDENTIFIER = com.ironsrc.ironPitchApp.ironPitch;
				PRODUCT_NAME = "$(TARGET_NAME)";
				TARGETED_DEVICE_FAMILY = "1,2";
			};
			name = Release;
		};
		1E686B0B1FCF005900E01496 /* Debug */ = {
			isa = XCBuildConfiguration;
			baseConfigurationReference = A2D5C0316CD1F03CEE4E30C5 /* Pods-ironPitchTests.debug.xcconfig */;
			buildSettings = {
				BUNDLE_LOADER = "$(TEST_HOST)";
				CODE_SIGN_STYLE = Automatic;
				DEVELOPMENT_TEAM = NLKYWCU5C3;
				INFOPLIST_FILE = ironPitchTests/Info.plist;
				LD_RUNPATH_SEARCH_PATHS = "$(inherited) @executable_path/Frameworks @loader_path/Frameworks";
				PRODUCT_BUNDLE_IDENTIFIER = com.ironsrc.ironPitchApp.ironPitchTests;
				PRODUCT_NAME = "$(TARGET_NAME)";
				TARGETED_DEVICE_FAMILY = "1,2";
				TEST_HOST = "$(BUILT_PRODUCTS_DIR)/ironPitch.app/ironPitch";
			};
			name = Debug;
		};
		1E686B0C1FCF005900E01496 /* Release */ = {
			isa = XCBuildConfiguration;
			baseConfigurationReference = C7621EF7B309032CB0D09259 /* Pods-ironPitchTests.release.xcconfig */;
			buildSettings = {
				BUNDLE_LOADER = "$(TEST_HOST)";
				CODE_SIGN_STYLE = Automatic;
				DEVELOPMENT_TEAM = NLKYWCU5C3;
				INFOPLIST_FILE = ironPitchTests/Info.plist;
				LD_RUNPATH_SEARCH_PATHS = "$(inherited) @executable_path/Frameworks @loader_path/Frameworks";
				PRODUCT_BUNDLE_IDENTIFIER = com.ironsrc.ironPitchApp.ironPitchTests;
				PRODUCT_NAME = "$(TARGET_NAME)";
				TARGETED_DEVICE_FAMILY = "1,2";
				TEST_HOST = "$(BUILT_PRODUCTS_DIR)/ironPitch.app/ironPitch";
			};
			name = Release;
		};
		1E686B0E1FCF005900E01496 /* Debug */ = {
			isa = XCBuildConfiguration;
			baseConfigurationReference = 2F590D13F5BDDBF1F2B7C1F0 /* Pods-ironPitchUITests.debug.xcconfig */;
			buildSettings = {
				CODE_SIGN_STYLE = Automatic;
				DEVELOPMENT_TEAM = NLKYWCU5C3;
				INFOPLIST_FILE = ironPitchUITests/Info.plist;
				LD_RUNPATH_SEARCH_PATHS = "$(inherited) @executable_path/Frameworks @loader_path/Frameworks";
				PRODUCT_BUNDLE_IDENTIFIER = com.ironsrc.ironPitchApp.ironPitchUITests;
				PRODUCT_NAME = "$(TARGET_NAME)";
				TARGETED_DEVICE_FAMILY = "1,2";
				TEST_TARGET_NAME = ironPitch;
			};
			name = Debug;
		};
		1E686B0F1FCF005900E01496 /* Release */ = {
			isa = XCBuildConfiguration;
			baseConfigurationReference = B78F36C3E6E87EF797E98701 /* Pods-ironPitchUITests.release.xcconfig */;
			buildSettings = {
				CODE_SIGN_STYLE = Automatic;
				DEVELOPMENT_TEAM = NLKYWCU5C3;
				INFOPLIST_FILE = ironPitchUITests/Info.plist;
				LD_RUNPATH_SEARCH_PATHS = "$(inherited) @executable_path/Frameworks @loader_path/Frameworks";
				PRODUCT_BUNDLE_IDENTIFIER = com.ironsrc.ironPitchApp.ironPitchUITests;
				PRODUCT_NAME = "$(TARGET_NAME)";
				TARGETED_DEVICE_FAMILY = "1,2";
				TEST_TARGET_NAME = ironPitch;
			};
			name = Release;
		};
/* End XCBuildConfiguration section */

/* Begin XCConfigurationList section */
		1E686AD31FCF005900E01496 /* Build configuration list for PBXProject "ironPitch" */ = {
			isa = XCConfigurationList;
			buildConfigurations = (
				1E686B051FCF005900E01496 /* Debug */,
				1E686B061FCF005900E01496 /* Release */,
			);
			defaultConfigurationIsVisible = 0;
			defaultConfigurationName = Release;
		};
		1E686B071FCF005900E01496 /* Build configuration list for PBXNativeTarget "ironPitch" */ = {
			isa = XCConfigurationList;
			buildConfigurations = (
				1E686B081FCF005900E01496 /* Debug */,
				1E686B091FCF005900E01496 /* Release */,
			);
			defaultConfigurationIsVisible = 0;
			defaultConfigurationName = Release;
		};
		1E686B0A1FCF005900E01496 /* Build configuration list for PBXNativeTarget "ironPitchTests" */ = {
			isa = XCConfigurationList;
			buildConfigurations = (
				1E686B0B1FCF005900E01496 /* Debug */,
				1E686B0C1FCF005900E01496 /* Release */,
			);
			defaultConfigurationIsVisible = 0;
			defaultConfigurationName = Release;
		};
		1E686B0D1FCF005900E01496 /* Build configuration list for PBXNativeTarget "ironPitchUITests" */ = {
			isa = XCConfigurationList;
			buildConfigurations = (
				1E686B0E1FCF005900E01496 /* Debug */,
				1E686B0F1FCF005900E01496 /* Release */,
			);
			defaultConfigurationIsVisible = 0;
			defaultConfigurationName = Release;
		};
/* End XCConfigurationList section */
	};
	rootObject = 1E686AD01FCF005900E01496 /* Project object */;
}
